{
  "name": "web-worker-comparison",
  "version": "1.0.0",
  "lockfileVersion": 1,
  "requires": true,
  "dependencies": {
    "comlinkjs": {
      "version": "3.2.0",
      "resolved": "https://registry.npmjs.org/comlinkjs/-/comlinkjs-3.2.0.tgz",
      "integrity": "sha512-2eawZHTjhK5Y1G6RZtSIqLijedIsULYQxnkC4MOhleUPgLRatMhqlflzWClyWRb6cLrLU6oAxDTT/Bl/fw/H7g=="
    },
    "greenlet": {
      "version": "1.0.1",
      "resolved": "https://registry.npmjs.org/greenlet/-/greenlet-1.0.1.tgz",
      "integrity": "sha512-srK6gegTVzHkRpLK3fFqJ4tuEeuCut9WzmL8EjKsOOlyKRb1GIWlUg09c832pYKzUWkYa2QDSkyDs47+yfoDQA=="
    },
    "operative": {
      "version": "0.4.6",
      "resolved": "https://registry.npmjs.org/operative/-/operative-0.4.6.tgz",
      "integrity": "sha1-DhN79cx15YRRW9+3xAq1xRaeMaM="
    }
  }
}
