{
  "name": "web-worker-comparison",
  "version": "1.0.0",
  "lockfileVersion": 1,
  "requires": true,
  "dependencies": {
    "comlinkjs": {
      "version": "2.3.3",
      "resolved": "https://registry.npmjs.org/comlinkjs/-/comlinkjs-2.3.3.tgz",
      "integrity": "sha512-mg7cSgc1fhChy9U5WcqmraLq8hIhiuJLJFLp/v3f4cHB5TELYfLkSMSCOzSOCHjpcUmG1DlGE8eDOoqfsWstMQ=="
    },
    "greenlet": {
      "version": "0.1.2",
      "resolved": "https://registry.npmjs.org/greenlet/-/greenlet-0.1.2.tgz",
      "integrity": "sha512-8YZTbTmJW513BZBnxk5GlvFEZ/iaiyPnazNet0TBBD/tICkDj+xQreQ231MisSM2Dz8GfZCwbcH7k9HKfFzcMw=="
    },
    "operative": {
      "version": "0.4.6",
      "resolved": "https://registry.npmjs.org/operative/-/operative-0.4.6.tgz",
      "integrity": "sha1-DhN79cx15YRRW9+3xAq1xRaeMaM="
    }
  }
}
